
Microsoft Visual Studio Solution File, Format Version 12.00
# Visual Studio 15
VisualStudioVersion = 15.0.27004.2009
MinimumVisualStudioVersion = 10.0.40219.1
Project("{8BC9CEB8-8B4A-11D0-8D11-00A0C91BC942}") = "vetBTree", "vetBTree\vetBTree.vcxproj", "{01607381-03AC-4089-A4F5-C6A170FA9ACB}"
EndProject
Global
	GlobalSection(SolutionConfigurationPlatforms) = preSolution
		Debug|x64 = Debug|x64
		Debug|x86 = Debug|x86
		Release|x64 = Release|x64
		Release|x86 = Release|x86
	EndGlobalSection
	GlobalSection(ProjectConfigurationPlatforms) = postSolution
		{01607381-03AC-4089-A4F5-C6A170FA9ACB}.Debug|x64.ActiveCfg = Debug|x64
		{01607381-03AC-4089-A4F5-C6A170FA9ACB}.Debug|x64.Build.0 = Debug|x64
		{01607381-03AC-4089-A4F5-C6A170FA9ACB}.Debug|x86.ActiveCfg = Debug|Win32
		{01607381-03AC-4089-A4F5-C6A170FA9ACB}.Debug|x86.Build.0 = Debug|Win32
		{01607381-03AC-4089-A4F5-C6A170FA9ACB}.Release|x64.ActiveCfg = Release|x64
		{01607381-03AC-4089-A4F5-C6A170FA9ACB}.Release|x64.Build.0 = Release|x64
		{01607381-03AC-4089-A4F5-C6A170FA9ACB}.Release|x86.ActiveCfg = Release|Win32
		{01607381-03AC-4089-A4F5-C6A170FA9ACB}.Release|x86.Build.0 = Release|Win32
	EndGlobalSection
	GlobalSection(SolutionProperties) = preSolution
		HideSolutionNode = FALSE
	EndGlobalSection
	GlobalSection(ExtensibilityGlobals) = postSolution
		SolutionGuid = {53E6776D-F452-4E4C-841B-77A63B9381E7}
	EndGlobalSection
EndGlobal
